
Microsoft Visual Studio Solution File, Format Version 12.00
# Visual Studio 14
VisualStudioVersion = 14.0.22823.1
MinimumVisualStudioVersion = 10.0.40219.1
Project("{FAE04EC0-301F-11D3-BF4B-00C04F79EFBC}") = "BLL", "..\BLL\BLL.csproj", "{4CE598E8-6EE3-47BC-B135-8CFF59914A69}"
EndProject
Project("{2150E333-8FDC-42A3-9474-1A3956D46DE8}") = "Common", "Common", "{F7C6E827-6169-46AE-B049-C27A49F98E5E}"
EndProject
Project("{FAE04EC0-301F-11D3-BF4B-00C04F79EFBC}") = "WPF", "..\WPF\WPF.csproj", "{1FF61351-5D1C-4339-97B1-CED696C7950A}"
EndProject
Project("{FAE04EC0-301F-11D3-BF4B-00C04F79EFBC}") = "DAL", "..\Repository\DAL\DAL.csproj", "{7BCBFE50-1EE8-45B1-88CB-5E851EF318F9}"
EndProject
Project("{2150E333-8FDC-42A3-9474-1A3956D46DE8}") = "Repository", "Repository", "{18B1FA8D-5FED-41BE-9544-4422394D033B}"
EndProject
Project("{FAE04EC0-301F-11D3-BF4B-00C04F79EFBC}") = "TransportData", "..\Repository\TransportData\TransportData.csproj", "{4EFD27E2-A10E-4022-A127-51455EE8C328}"
EndProject
Project("{00D1A9C2-B5F0-4AF3-8072-F6C62B433612}") = "DB", "..\Repository\DB\DB.sqlproj", "{54233B8B-E3AC-48BA-AE3D-93D51D195C42}"
EndProject
Project("{FAE04EC0-301F-11D3-BF4B-00C04F79EFBC}") = "Common", "..\Common\Common\Common.csproj", "{DA8F8FB4-F0AC-46B3-8CDC-CBF559F7B46D}"
EndProject
Project("{FAE04EC0-301F-11D3-BF4B-00C04F79EFBC}") = "Localization", "..\Common\Localization\Localization.csproj", "{56AF328B-917C-4ABF-BBE9-11C0FACFCA5A}"
EndProject
Global
	GlobalSection(SolutionConfigurationPlatforms) = preSolution
		Debug|Any CPU = Debug|Any CPU
		Release|Any CPU = Release|Any CPU
	EndGlobalSection
	GlobalSection(ProjectConfigurationPlatforms) = postSolution
		{4CE598E8-6EE3-47BC-B135-8CFF59914A69}.Debug|Any CPU.ActiveCfg = Debug|Any CPU
		{4CE598E8-6EE3-47BC-B135-8CFF59914A69}.Debug|Any CPU.Build.0 = Debug|Any CPU
		{4CE598E8-6EE3-47BC-B135-8CFF59914A69}.Release|Any CPU.ActiveCfg = Release|Any CPU
		{4CE598E8-6EE3-47BC-B135-8CFF59914A69}.Release|Any CPU.Build.0 = Release|Any CPU
		{1FF61351-5D1C-4339-97B1-CED696C7950A}.Debug|Any CPU.ActiveCfg = Debug|Any CPU
		{1FF61351-5D1C-4339-97B1-CED696C7950A}.Debug|Any CPU.Build.0 = Debug|Any CPU
		{1FF61351-5D1C-4339-97B1-CED696C7950A}.Release|Any CPU.ActiveCfg = Release|Any CPU
		{1FF61351-5D1C-4339-97B1-CED696C7950A}.Release|Any CPU.Build.0 = Release|Any CPU
		{7BCBFE50-1EE8-45B1-88CB-5E851EF318F9}.Debug|Any CPU.ActiveCfg = Debug|Any CPU
		{7BCBFE50-1EE8-45B1-88CB-5E851EF318F9}.Debug|Any CPU.Build.0 = Debug|Any CPU
		{7BCBFE50-1EE8-45B1-88CB-5E851EF318F9}.Release|Any CPU.ActiveCfg = Release|Any CPU
		{7BCBFE50-1EE8-45B1-88CB-5E851EF318F9}.Release|Any CPU.Build.0 = Release|Any CPU
		{4EFD27E2-A10E-4022-A127-51455EE8C328}.Debug|Any CPU.ActiveCfg = Debug|Any CPU
		{4EFD27E2-A10E-4022-A127-51455EE8C328}.Debug|Any CPU.Build.0 = Debug|Any CPU
		{4EFD27E2-A10E-4022-A127-51455EE8C328}.Release|Any CPU.ActiveCfg = Release|Any CPU
		{4EFD27E2-A10E-4022-A127-51455EE8C328}.Release|Any CPU.Build.0 = Release|Any CPU
		{54233B8B-E3AC-48BA-AE3D-93D51D195C42}.Debug|Any CPU.ActiveCfg = Debug|Any CPU
		{54233B8B-E3AC-48BA-AE3D-93D51D195C42}.Debug|Any CPU.Build.0 = Debug|Any CPU
		{54233B8B-E3AC-48BA-AE3D-93D51D195C42}.Release|Any CPU.ActiveCfg = Release|Any CPU
		{54233B8B-E3AC-48BA-AE3D-93D51D195C42}.Release|Any CPU.Build.0 = Release|Any CPU
		{DA8F8FB4-F0AC-46B3-8CDC-CBF559F7B46D}.Debug|Any CPU.ActiveCfg = Debug|Any CPU
		{DA8F8FB4-F0AC-46B3-8CDC-CBF559F7B46D}.Debug|Any CPU.Build.0 = Debug|Any CPU
		{DA8F8FB4-F0AC-46B3-8CDC-CBF559F7B46D}.Release|Any CPU.ActiveCfg = Release|Any CPU
		{DA8F8FB4-F0AC-46B3-8CDC-CBF559F7B46D}.Release|Any CPU.Build.0 = Release|Any CPU
		{56AF328B-917C-4ABF-BBE9-11C0FACFCA5A}.Debug|Any CPU.ActiveCfg = Debug|Any CPU
		{56AF328B-917C-4ABF-BBE9-11C0FACFCA5A}.Debug|Any CPU.Build.0 = Debug|Any CPU
		{56AF328B-917C-4ABF-BBE9-11C0FACFCA5A}.Release|Any CPU.ActiveCfg = Release|Any CPU
		{56AF328B-917C-4ABF-BBE9-11C0FACFCA5A}.Release|Any CPU.Build.0 = Release|Any CPU
	EndGlobalSection
	GlobalSection(SolutionProperties) = preSolution
		HideSolutionNode = FALSE
	EndGlobalSection
	GlobalSection(NestedProjects) = preSolution
		{7BCBFE50-1EE8-45B1-88CB-5E851EF318F9} = {18B1FA8D-5FED-41BE-9544-4422394D033B}
		{4EFD27E2-A10E-4022-A127-51455EE8C328} = {18B1FA8D-5FED-41BE-9544-4422394D033B}
		{54233B8B-E3AC-48BA-AE3D-93D51D195C42} = {18B1FA8D-5FED-41BE-9544-4422394D033B}
		{DA8F8FB4-F0AC-46B3-8CDC-CBF559F7B46D} = {F7C6E827-6169-46AE-B049-C27A49F98E5E}
		{56AF328B-917C-4ABF-BBE9-11C0FACFCA5A} = {F7C6E827-6169-46AE-B049-C27A49F98E5E}
	EndGlobalSection
EndGlobal
